# This file is automatically @generated by Poetry and should not be changed by hand.

[[package]]
name = "mon-coreml"
version = "1.2.0"
description = "MON's core machine learning library."
category = "main"
optional = false
python-versions = ">=3.10"
files = []
develop = true

[package.source]
type = "directory"
url = "src/mon-coreml"

[[package]]
name = "mon-foundation"
version = "1.2.0"
description = "MON's foundation library."
category = "main"
optional = false
python-versions = ">=3.10"
files = []
develop = true

[package.source]
type = "directory"
url = "src/mon-foundation"

[metadata]
lock-version = "2.0"
python-versions = ">=3.10"
content-hash = "726dd6200ead433210b25e563057b255eb60ddba5a04824827513d3d9ac7fc85"
